// !$*UTF8*$!
{
	archiveVersion = 1;
	classes = {
	};
	objectVersion = 46;
	objects = {

/* Begin PBXBuildFile section */
		C8644E861EC69CF20003C6C6 /* AppDelegate.swift in Sources */ = {isa = PBXBuildFile; fileRef = C8644E851EC69CF20003C6C6 /* AppDelegate.swift */; };
		C8644E8D1EC69CF20003C6C6 /* Assets.xcassets in Resources */ = {isa = PBXBuildFile; fileRef = C8644E8C1EC69CF20003C6C6 /* Assets.xcassets */; };
		C8644E901EC69CF20003C6C6 /* LaunchScreen.storyboard in Resources */ = {isa = PBXBuildFile; fileRef = C8644E8E1EC69CF20003C6C6 /* LaunchScreen.storyboard */; };
		C8644E9F1EC69EEF0003C6C6 /* XzyNavViewController.swift in Sources */ = {isa = PBXBuildFile; fileRef = C8644E9E1EC69EEF0003C6C6 /* XzyNavViewController.swift */; };
		C8644EA61EC6A0EB0003C6C6 /* XzyBaseViewController.swift in Sources */ = {isa = PBXBuildFile; fileRef = C8644EA41EC6A0EB0003C6C6 /* XzyBaseViewController.swift */; };
		C8644EA71EC6A0EB0003C6C6 /* XzyMainViewController.swift in Sources */ = {isa = PBXBuildFile; fileRef = C8644EA51EC6A0EB0003C6C6 /* XzyMainViewController.swift */; };
		C8644F1C1EC6A1490003C6C6 /* Bundle+Extensions.swift in Sources */ = {isa = PBXBuildFile; fileRef = C8644EE81EC6A1490003C6C6 /* Bundle+Extensions.swift */; };
		C8644F1F1EC6A1490003C6C6 /* UIBarButtonItem + Extension.swift in Sources */ = {isa = PBXBuildFile; fileRef = C8644EEB1EC6A1490003C6C6 /* UIBarButtonItem + Extension.swift */; };
		C8644F201EC6A1490003C6C6 /* UIImage+Extension.swift in Sources */ = {isa = PBXBuildFile; fileRef = C8644EEC1EC6A1490003C6C6 /* UIImage+Extension.swift */; };
		C8644F221EC6A1490003C6C6 /* UIView+Extension.swift in Sources */ = {isa = PBXBuildFile; fileRef = C8644EEE1EC6A1490003C6C6 /* UIView+Extension.swift */; };
		C8644F2C1EC6A27F0003C6C6 /* UIBuuton+Extensions.swift in Sources */ = {isa = PBXBuildFile; fileRef = C8644F2B1EC6A27F0003C6C6 /* UIBuuton+Extensions.swift */; };
		C8644F2E1EC6A7BF0003C6C6 /* XzyHomeViewController.swift in Sources */ = {isa = PBXBuildFile; fileRef = C8644F2D1EC6A7BF0003C6C6 /* XzyHomeViewController.swift */; };
		C8644F301EC6A7CA0003C6C6 /* XzyDiscoverViewController.swift in Sources */ = {isa = PBXBuildFile; fileRef = C8644F2F1EC6A7CA0003C6C6 /* XzyDiscoverViewController.swift */; };
		C8644F341EC6A7D90003C6C6 /* XzyMineViewController.swift in Sources */ = {isa = PBXBuildFile; fileRef = C8644F331EC6A7D90003C6C6 /* XzyMineViewController.swift */; };
		C8644F361EC6A81B0003C6C6 /* XzyClassificationController.swift in Sources */ = {isa = PBXBuildFile; fileRef = C8644F351EC6A81B0003C6C6 /* XzyClassificationController.swift */; };
/* End PBXBuildFile section */

/* Begin PBXFileReference section */
		C8644E821EC69CF20003C6C6 /* ProjectBaseFramework.app */ = {isa = PBXFileReference; explicitFileType = wrapper.application; includeInIndex = 0; path = ProjectBaseFramework.app; sourceTree = BUILT_PRODUCTS_DIR; };
		C8644E851EC69CF20003C6C6 /* AppDelegate.swift */ = {isa = PBXFileReference; lastKnownFileType = sourcecode.swift; name = AppDelegate.swift; path = ../AppDelegate.swift; sourceTree = "<group>"; };
		C8644E8C1EC69CF20003C6C6 /* Assets.xcassets */ = {isa = PBXFileReference; lastKnownFileType = folder.assetcatalog; name = Assets.xcassets; path = ../Assets.xcassets; sourceTree = "<group>"; };
		C8644E8F1EC69CF20003C6C6 /* Base */ = {isa = PBXFileReference; lastKnownFileType = file.storyboard; name = Base; path = Base.lproj/LaunchScreen.storyboard; sourceTree = "<group>"; };
		C8644E911EC69CF20003C6C6 /* Info.plist */ = {isa = PBXFileReference; lastKnownFileType = text.plist.xml; name = Info.plist; path = ../Info.plist; sourceTree = "<group>"; };
		C8644E9E1EC69EEF0003C6C6 /* XzyNavViewController.swift */ = {isa = PBXFileReference; fileEncoding = 4; lastKnownFileType = sourcecode.swift; path = XzyNavViewController.swift; sourceTree = "<group>"; };
		C8644EA41EC6A0EB0003C6C6 /* XzyBaseViewController.swift */ = {isa = PBXFileReference; fileEncoding = 4; lastKnownFileType = sourcecode.swift; path = XzyBaseViewController.swift; sourceTree = "<group>"; };
		C8644EA51EC6A0EB0003C6C6 /* XzyMainViewController.swift */ = {isa = PBXFileReference; fileEncoding = 4; lastKnownFileType = sourcecode.swift; path = XzyMainViewController.swift; sourceTree = "<group>"; };
		C8644EE81EC6A1490003C6C6 /* Bundle+Extensions.swift */ = {isa = PBXFileReference; fileEncoding = 4; lastKnownFileType = sourcecode.swift; path = "Bundle+Extensions.swift"; sourceTree = "<group>"; };
		C8644EEB1EC6A1490003C6C6 /* UIBarButtonItem + Extension.swift */ = {isa = PBXFileReference; fileEncoding = 4; lastKnownFileType = sourcecode.swift; path = "UIBarButtonItem + Extension.swift"; sourceTree = "<group>"; };
		C8644EEC1EC6A1490003C6C6 /* UIImage+Extension.swift */ = {isa = PBXFileReference; fileEncoding = 4; lastKnownFileType = sourcecode.swift; path = "UIImage+Extension.swift"; sourceTree = "<group>"; };
		C8644EEE1EC6A1490003C6C6 /* UIView+Extension.swift */ = {isa = PBXFileReference; fileEncoding = 4; lastKnownFileType = sourcecode.swift; path = "UIView+Extension.swift"; sourceTree = "<group>"; };
		C8644F2B1EC6A27F0003C6C6 /* UIBuuton+Extensions.swift */ = {isa = PBXFileReference; fileEncoding = 4; lastKnownFileType = sourcecode.swift; path = "UIBuuton+Extensions.swift"; sourceTree = "<group>"; };
		C8644F2D1EC6A7BF0003C6C6 /* XzyHomeViewController.swift */ = {isa = PBXFileReference; fileEncoding = 4; lastKnownFileType = sourcecode.swift; path = XzyHomeViewController.swift; sourceTree = "<group>"; };
		C8644F2F1EC6A7CA0003C6C6 /* XzyDiscoverViewController.swift */ = {isa = PBXFileReference; fileEncoding = 4; lastKnownFileType = sourcecode.swift; path = XzyDiscoverViewController.swift; sourceTree = "<group>"; };
		C8644F331EC6A7D90003C6C6 /* XzyMineViewController.swift */ = {isa = PBXFileReference; fileEncoding = 4; lastKnownFileType = sourcecode.swift; path = XzyMineViewController.swift; sourceTree = "<group>"; };
		C8644F351EC6A81B0003C6C6 /* XzyClassificationController.swift */ = {isa = PBXFileReference; fileEncoding = 4; lastKnownFileType = sourcecode.swift; path = XzyClassificationController.swift; sourceTree = "<group>"; };
/* End PBXFileReference section */

/* Begin PBXFrameworksBuildPhase section */
		C8644E7F1EC69CF20003C6C6 /* Frameworks */ = {
			isa = PBXFrameworksBuildPhase;
			buildActionMask = 2147483647;
			files = (
			);
			runOnlyForDeploymentPostprocessing = 0;
		};
/* End PBXFrameworksBuildPhase section */

/* Begin PBXGroup section */
		C8644E791EC69CF20003C6C6 = {
			isa = PBXGroup;
			children = (
				C8644E841EC69CF20003C6C6 /* ProjectBaseFramework */,
				C8644E831EC69CF20003C6C6 /* Products */,
			);
			sourceTree = "<group>";
		};
		C8644E831EC69CF20003C6C6 /* Products */ = {
			isa = PBXGroup;
			children = (
				C8644E821EC69CF20003C6C6 /* ProjectBaseFramework.app */,
			);
			name = Products;
			sourceTree = "<group>";
		};
		C8644E841EC69CF20003C6C6 /* ProjectBaseFramework */ = {
			isa = PBXGroup;
			children = (
				C8644E971EC69EB80003C6C6 /* Classes */,
				C8644E9D1EC69EB80003C6C6 /* Other */,
			);
			path = ProjectBaseFramework;
			sourceTree = "<group>";
		};
		C8644E971EC69EB80003C6C6 /* Classes */ = {
			isa = PBXGroup;
			children = (
				C8644E9B1EC69EB80003C6C6 /* Main */,
				C8644E9A1EC69EB80003C6C6 /* Home */,
				C8644E981EC69EB80003C6C6 /* Classification */,
				C8644E991EC69EB80003C6C6 /* Found */,
				C8644E9C1EC69EB80003C6C6 /* Mine */,
				C8644EA81EC6A1490003C6C6 /* Tools */,
			);
			path = Classes;
			sourceTree = "<group>";
		};
		C8644E981EC69EB80003C6C6 /* Classification */ = {
			isa = PBXGroup;
			children = (
				C8644F351EC6A81B0003C6C6 /* XzyClassificationController.swift */,
			);
			path = Classification;
			sourceTree = "<group>";
		};
		C8644E991EC69EB80003C6C6 /* Found */ = {
			isa = PBXGroup;
			children = (
				C8644F2F1EC6A7CA0003C6C6 /* XzyDiscoverViewController.swift */,
			);
			path = Found;
			sourceTree = "<group>";
		};
		C8644E9A1EC69EB80003C6C6 /* Home */ = {
			isa = PBXGroup;
			children = (
				C8644F2D1EC6A7BF0003C6C6 /* XzyHomeViewController.swift */,
			);
			path = Home;
			sourceTree = "<group>";
		};
		C8644E9B1EC69EB80003C6C6 /* Main */ = {
			isa = PBXGroup;
			children = (
				C8644EA41EC6A0EB0003C6C6 /* XzyBaseViewController.swift */,
				C8644EA51EC6A0EB0003C6C6 /* XzyMainViewController.swift */,
				C8644E9E1EC69EEF0003C6C6 /* XzyNavViewController.swift */,
			);
			path = Main;
			sourceTree = "<group>";
		};
		C8644E9C1EC69EB80003C6C6 /* Mine */ = {
			isa = PBXGroup;
			children = (
				C8644F331EC6A7D90003C6C6 /* XzyMineViewController.swift */,
			);
			path = Mine;
			sourceTree = "<group>";
		};
		C8644E9D1EC69EB80003C6C6 /* Other */ = {
			isa = PBXGroup;
			children = (
				C8644E851EC69CF20003C6C6 /* AppDelegate.swift */,
				C8644E8C1EC69CF20003C6C6 /* Assets.xcassets */,
				C8644E911EC69CF20003C6C6 /* Info.plist */,
				C8644E8E1EC69CF20003C6C6 /* LaunchScreen.storyboard */,
			);
			path = Other;
			sourceTree = "<group>";
		};
		C8644EA81EC6A1490003C6C6 /* Tools */ = {
			isa = PBXGroup;
			children = (
				C8644EE71EC6A1490003C6C6 /* SwiftTools */,
			);
			path = Tools;
			sourceTree = "<group>";
		};
		C8644EE71EC6A1490003C6C6 /* SwiftTools */ = {
			isa = PBXGroup;
			children = (
				C8644EE81EC6A1490003C6C6 /* Bundle+Extensions.swift */,
				C8644F2B1EC6A27F0003C6C6 /* UIBuuton+Extensions.swift */,
				C8644EEB1EC6A1490003C6C6 /* UIBarButtonItem + Extension.swift */,
				C8644EEC1EC6A1490003C6C6 /* UIImage+Extension.swift */,
				C8644EEE1EC6A1490003C6C6 /* UIView+Extension.swift */,
			);
			path = SwiftTools;
			sourceTree = "<group>";
		};
/* End PBXGroup section */

/* Begin PBXNativeTarget section */
		C8644E811EC69CF20003C6C6 /* ProjectBaseFramework */ = {
			isa = PBXNativeTarget;
			buildConfigurationList = C8644E941EC69CF20003C6C6 /* Build configuration list for PBXNativeTarget "ProjectBaseFramework" */;
			buildPhases = (
				C8644E7E1EC69CF20003C6C6 /* Sources */,
				C8644E7F1EC69CF20003C6C6 /* Frameworks */,
				C8644E801EC69CF20003C6C6 /* Resources */,
			);
			buildRules = (
			);
			dependencies = (
			);
			name = ProjectBaseFramework;
			productName = ProjectBaseFramework;
			productReference = C8644E821EC69CF20003C6C6 /* ProjectBaseFramework.app */;
			productType = "com.apple.product-type.application";
		};
/* End PBXNativeTarget section */

/* Begin PBXProject section */
		C8644E7A1EC69CF20003C6C6 /* Project object */ = {
			isa = PBXProject;
			attributes = {
				LastSwiftUpdateCheck = 0830;
				LastUpgradeCheck = 0830;
				ORGANIZATIONNAME = "肖振阳";
				TargetAttributes = {
					C8644E811EC69CF20003C6C6 = {
						CreatedOnToolsVersion = 8.3.2;
						DevelopmentTeam = 56ERQH9L8L;
						ProvisioningStyle = Automatic;
					};
				};
			};
			buildConfigurationList = C8644E7D1EC69CF20003C6C6 /* Build configuration list for PBXProject "ProjectBaseFramework" */;
			compatibilityVersion = "Xcode 3.2";
			developmentRegion = English;
			hasScannedForEncodings = 0;
			knownRegions = (
				en,
				Base,
			);
			mainGroup = C8644E791EC69CF20003C6C6;
			productRefGroup = C8644E831EC69CF20003C6C6 /* Products */;
			projectDirPath = "";
			projectRoot = "";
			targets = (
				C8644E811EC69CF20003C6C6 /* ProjectBaseFramework */,
			);
		};
/* End PBXProject section */

/* Begin PBXResourcesBuildPhase section */
		C8644E801EC69CF20003C6C6 /* Resources */ = {
			isa = PBXResourcesBuildPhase;
			buildActionMask = 2147483647;
			files = (
				C8644E901EC69CF20003C6C6 /* LaunchScreen.storyboard in Resources */,
				C8644E8D1EC69CF20003C6C6 /* Assets.xcassets in Resources */,
			);
			runOnlyForDeploymentPostprocessing = 0;
		};
/* End PBXResourcesBuildPhase section */

/* Begin PBXSourcesBuildPhase section */
		C8644E7E1EC69CF20003C6C6 /* Sources */ = {
			isa = PBXSourcesBuildPhase;
			buildActionMask = 2147483647;
			files = (
				C8644F1C1EC6A1490003C6C6 /* Bundle+Extensions.swift in Sources */,
				C8644F361EC6A81B0003C6C6 /* XzyClassificationController.swift in Sources */,
				C8644F221EC6A1490003C6C6 /* UIView+Extension.swift in Sources */,
				C8644F1F1EC6A1490003C6C6 /* UIBarButtonItem + Extension.swift in Sources */,
				C8644F2E1EC6A7BF0003C6C6 /* XzyHomeViewController.swift in Sources */,
				C8644F301EC6A7CA0003C6C6 /* XzyDiscoverViewController.swift in Sources */,
				C8644EA61EC6A0EB0003C6C6 /* XzyBaseViewController.swift in Sources */,
				C8644F341EC6A7D90003C6C6 /* XzyMineViewController.swift in Sources */,
				C8644F2C1EC6A27F0003C6C6 /* UIBuuton+Extensions.swift in Sources */,
				C8644EA71EC6A0EB0003C6C6 /* XzyMainViewController.swift in Sources */,
				C8644E9F1EC69EEF0003C6C6 /* XzyNavViewController.swift in Sources */,
				C8644F201EC6A1490003C6C6 /* UIImage+Extension.swift in Sources */,
				C8644E861EC69CF20003C6C6 /* AppDelegate.swift in Sources */,
			);
			runOnlyForDeploymentPostprocessing = 0;
		};
/* End PBXSourcesBuildPhase section */

/* Begin PBXVariantGroup section */
		C8644E8E1EC69CF20003C6C6 /* LaunchScreen.storyboard */ = {
			isa = PBXVariantGroup;
			children = (
				C8644E8F1EC69CF20003C6C6 /* Base */,
			);
			name = LaunchScreen.storyboard;
			path = ..;
			sourceTree = "<group>";
		};
/* End PBXVariantGroup section */

/* Begin XCBuildConfiguration section */
		C8644E921EC69CF20003C6C6 /* Debug */ = {
			isa = XCBuildConfiguration;
			buildSettings = {
				ALWAYS_SEARCH_USER_PATHS = NO;
				CLANG_ANALYZER_NONNULL = YES;
				CLANG_ANALYZER_NUMBER_OBJECT_CONVERSION = YES_AGGRESSIVE;
				CLANG_CXX_LANGUAGE_STANDARD = "gnu++0x";
				CLANG_CXX_LIBRARY = "libc++";
				CLANG_ENABLE_MODULES = YES;
				CLANG_ENABLE_OBJC_ARC = YES;
				CLANG_WARN_BOOL_CONVERSION = YES;
				CLANG_WARN_CONSTANT_CONVERSION = YES;
				CLANG_WARN_DIRECT_OBJC_ISA_USAGE = YES_ERROR;
				CLANG_WARN_DOCUMENTATION_COMMENTS = YES;
				CLANG_WARN_EMPTY_BODY = YES;
				CLANG_WARN_ENUM_CONVERSION = YES;
				CLANG_WARN_INFINITE_RECURSION = YES;
				CLANG_WARN_INT_CONVERSION = YES;
				CLANG_WARN_OBJC_ROOT_CLASS = YES_ERROR;
				CLANG_WARN_SUSPICIOUS_MOVE = YES;
				CLANG_WARN_UNREACHABLE_CODE = YES;
				CLANG_WARN__DUPLICATE_METHOD_MATCH = YES;
				"CODE_SIGN_IDENTITY[sdk=iphoneos*]" = "iPhone Developer";
				COPY_PHASE_STRIP = NO;
				DEBUG_INFORMATION_FORMAT = dwarf;
				ENABLE_STRICT_OBJC_MSGSEND = YES;
				ENABLE_TESTABILITY = YES;
				GCC_C_LANGUAGE_STANDARD = gnu99;
				GCC_DYNAMIC_NO_PIC = NO;
				GCC_NO_COMMON_BLOCKS = YES;
				GCC_OPTIMIZATION_LEVEL = 0;
				GCC_PREPROCESSOR_DEFINITIONS = (
					"DEBUG=1",
					"$(inherited)",
				);
				GCC_WARN_64_TO_32_BIT_CONVERSION = YES;
				GCC_WARN_ABOUT_RETURN_TYPE = YES_ERROR;
				GCC_WARN_UNDECLARED_SELECTOR = YES;
				GCC_WARN_UNINITIALIZED_AUTOS = YES_AGGRESSIVE;
				GCC_WARN_UNUSED_FUNCTION = YES;
				GCC_WARN_UNUSED_VARIABLE = YES;
				IPHONEOS_DEPLOYMENT_TARGET = 10.3;
				MTL_ENABLE_DEBUG_INFO = YES;
				ONLY_ACTIVE_ARCH = YES;
				SDKROOT = iphoneos;
				SWIFT_ACTIVE_COMPILATION_CONDITIONS = DEBUG;
				SWIFT_OPTIMIZATION_LEVEL = "-Onone";
				TARGETED_DEVICE_FAMILY = "1,2";
			};
			name = Debug;
		};
		C8644E931EC69CF20003C6C6 /* Release */ = {
			isa = XCBuildConfiguration;
			buildSettings = {
				ALWAYS_SEARCH_USER_PATHS = NO;
				CLANG_ANALYZER_NONNULL = YES;
				CLANG_ANALYZER_NUMBER_OBJECT_CONVERSION = YES_AGGRESSIVE;
				CLANG_CXX_LANGUAGE_STANDARD = "gnu++0x";
				CLANG_CXX_LIBRARY = "libc++";
				CLANG_ENABLE_MODULES = YES;
				CLANG_ENABLE_OBJC_ARC = YES;
				CLANG_WARN_BOOL_CONVERSION = YES;
				CLANG_WARN_CONSTANT_CONVERSION = YES;
				CLANG_WARN_DIRECT_OBJC_ISA_USAGE = YES_ERROR;
				CLANG_WARN_DOCUMENTATION_COMMENTS = YES;
				CLANG_WARN_EMPTY_BODY = YES;
				CLANG_WARN_ENUM_CONVERSION = YES;
				CLANG_WARN_INFINITE_RECURSION = YES;
				CLANG_WARN_INT_CONVERSION = YES;
				CLANG_WARN_OBJC_ROOT_CLASS = YES_ERROR;
				CLANG_WARN_SUSPICIOUS_MOVE = YES;
				CLANG_WARN_UNREACHABLE_CODE = YES;
				CLANG_WARN__DUPLICATE_METHOD_MATCH = YES;
				"CODE_SIGN_IDENTITY[sdk=iphoneos*]" = "iPhone Developer";
				COPY_PHASE_STRIP = NO;
				DEBUG_INFORMATION_FORMAT = "dwarf-with-dsym";
				ENABLE_NS_ASSERTIONS = NO;
				ENABLE_STRICT_OBJC_MSGSEND = YES;
				GCC_C_LANGUAGE_STANDARD = gnu99;
				GCC_NO_COMMON_BLOCKS = YES;
				GCC_WARN_64_TO_32_BIT_CONVERSION = YES;
				GCC_WARN_ABOUT_RETURN_TYPE = YES_ERROR;
				GCC_WARN_UNDECLARED_SELECTOR = YES;
				GCC_WARN_UNINITIALIZED_AUTOS = YES_AGGRESSIVE;
				GCC_WARN_UNUSED_FUNCTION = YES;
				GCC_WARN_UNUSED_VARIABLE = YES;
				IPHONEOS_DEPLOYMENT_TARGET = 10.3;
				MTL_ENABLE_DEBUG_INFO = NO;
				SDKROOT = iphoneos;
				SWIFT_OPTIMIZATION_LEVEL = "-Owholemodule";
				TARGETED_DEVICE_FAMILY = "1,2";
				VALIDATE_PRODUCT = YES;
			};
			name = Release;
		};
		C8644E951EC69CF20003C6C6 /* Debug */ = {
			isa = XCBuildConfiguration;
			buildSettings = {
				ASSETCATALOG_COMPILER_APPICON_NAME = AppIcon;
				DEVELOPMENT_TEAM = 56ERQH9L8L;
				INFOPLIST_FILE = ProjectBaseFramework/Info.plist;
				LD_RUNPATH_SEARCH_PATHS = "$(inherited) @executable_path/Frameworks";
				PRODUCT_BUNDLE_IDENTIFIER = com.xiaozhenyangcode.www.ProjectBaseFramework;
				PRODUCT_NAME = "$(TARGET_NAME)";
				SWIFT_VERSION = 3.0;
			};
			name = Debug;
		};
		C8644E961EC69CF20003C6C6 /* Release */ = {
			isa = XCBuildConfiguration;
			buildSettings = {
				ASSETCATALOG_COMPILER_APPICON_NAME = AppIcon;
				DEVELOPMENT_TEAM = 56ERQH9L8L;
				INFOPLIST_FILE = ProjectBaseFramework/Info.plist;
				LD_RUNPATH_SEARCH_PATHS = "$(inherited) @executable_path/Frameworks";
				PRODUCT_BUNDLE_IDENTIFIER = com.xiaozhenyangcode.www.ProjectBaseFramework;
				PRODUCT_NAME = "$(TARGET_NAME)";
				SWIFT_VERSION = 3.0;
			};
			name = Release;
		};
/* End XCBuildConfiguration section */

/* Begin XCConfigurationList section */
		C8644E7D1EC69CF20003C6C6 /* Build configuration list for PBXProject "ProjectBaseFramework" */ = {
			isa = XCConfigurationList;
			buildConfigurations = (
				C8644E921EC69CF20003C6C6 /* Debug */,
				C8644E931EC69CF20003C6C6 /* Release */,
			);
			defaultConfigurationIsVisible = 0;
			defaultConfigurationName = Release;
		};
		C8644E941EC69CF20003C6C6 /* Build configuration list for PBXNativeTarget "ProjectBaseFramework" */ = {
			isa = XCConfigurationList;
			buildConfigurations = (
				C8644E951EC69CF20003C6C6 /* Debug */,
				C8644E961EC69CF20003C6C6 /* Release */,
			);
			defaultConfigurationIsVisible = 0;
			defaultConfigurationName = Release;
		};
/* End XCConfigurationList section */
	};
	rootObject = C8644E7A1EC69CF20003C6C6 /* Project object */;
}
